
Microsoft Visual Studio Solution File, Format Version 12.00
# Visual Studio Version 17
VisualStudioVersion = 17.10.35122.118
MinimumVisualStudioVersion = 10.0.40219.1
Project("{9A19103F-16F7-4668-BE54-9A1E7A4F7556}") = "SapLichThiITC", "SapLichThiITC\SapLichThiITC.csproj", "{A95F762D-DFBB-41C5-8C74-06CCB53275EF}"
	ProjectSection(ProjectDependencies) = postProject
		{F19D1755-7725-4E78-A37C-FA92D19A06F4} = {F19D1755-7725-4E78-A37C-FA92D19A06F4}
	EndProjectSection
EndProject
Project("{9A19103F-16F7-4668-BE54-9A1E7A4F7556}") = "SapLichThiITCCore", "SapLichThiITCCore\SapLichThiITCCore.csproj", "{170B3320-AC6C-43F6-B36B-BFF2AFEB0A61}"
EndProject
Project("{9A19103F-16F7-4668-BE54-9A1E7A4F7556}") = "SapLichThiITCAlgo", "SapLichThiITCAlgo\SapLichThiITCAlgo.csproj", "{BE732793-7842-487B-88C0-454508ADFB0D}"
EndProject
Project("{9A19103F-16F7-4668-BE54-9A1E7A4F7556}") = "SapLichThiITCInputHelper", "SapLichThiITCInputHelper\SapLichThiITCInputHelper.csproj", "{B4E3937B-8211-4499-84E0-313A79810408}"
EndProject
Project("{9A19103F-16F7-4668-BE54-9A1E7A4F7556}") = "SapLichThiITCAlgoNew", "SapLichThiITCAlgoNew\SapLichThiITCAlgoNew.csproj", "{F19D1755-7725-4E78-A37C-FA92D19A06F4}"
EndProject
Project("{9A19103F-16F7-4668-BE54-9A1E7A4F7556}") = "SapLichThiAlgoKaggle", "SapLichThiKaggle\SapLichThiAlgoKaggle.csproj", "{D87E68BC-698B-49D5-80D1-3F4752CABDFF}"
EndProject
Project("{9A19103F-16F7-4668-BE54-9A1E7A4F7556}") = "WebAppBootstrap", "WebAppBootstrap\WebAppBootstrap.csproj", "{B7ED0E67-3A52-4950-B2AC-E0875AC61582}"
EndProject
Project("{9A19103F-16F7-4668-BE54-9A1E7A4F7556}") = "WebAppBootStrap2", "WebAppBootStrap2\WebAppBootStrap2.csproj", "{49877824-7BE0-4A74-96C6-C0056EF1B3A7}"
EndProject
Global
	GlobalSection(SolutionConfigurationPlatforms) = preSolution
		Debug|Any CPU = Debug|Any CPU
		Release|Any CPU = Release|Any CPU
	EndGlobalSection
	GlobalSection(ProjectConfigurationPlatforms) = postSolution
		{A95F762D-DFBB-41C5-8C74-06CCB53275EF}.Debug|Any CPU.ActiveCfg = Debug|Any CPU
		{A95F762D-DFBB-41C5-8C74-06CCB53275EF}.Debug|Any CPU.Build.0 = Debug|Any CPU
		{A95F762D-DFBB-41C5-8C74-06CCB53275EF}.Release|Any CPU.ActiveCfg = Release|Any CPU
		{A95F762D-DFBB-41C5-8C74-06CCB53275EF}.Release|Any CPU.Build.0 = Release|Any CPU
		{170B3320-AC6C-43F6-B36B-BFF2AFEB0A61}.Debug|Any CPU.ActiveCfg = Debug|Any CPU
		{170B3320-AC6C-43F6-B36B-BFF2AFEB0A61}.Debug|Any CPU.Build.0 = Debug|Any CPU
		{170B3320-AC6C-43F6-B36B-BFF2AFEB0A61}.Release|Any CPU.ActiveCfg = Release|Any CPU
		{170B3320-AC6C-43F6-B36B-BFF2AFEB0A61}.Release|Any CPU.Build.0 = Release|Any CPU
		{BE732793-7842-487B-88C0-454508ADFB0D}.Debug|Any CPU.ActiveCfg = Debug|Any CPU
		{BE732793-7842-487B-88C0-454508ADFB0D}.Debug|Any CPU.Build.0 = Debug|Any CPU
		{BE732793-7842-487B-88C0-454508ADFB0D}.Release|Any CPU.ActiveCfg = Release|Any CPU
		{BE732793-7842-487B-88C0-454508ADFB0D}.Release|Any CPU.Build.0 = Release|Any CPU
		{B4E3937B-8211-4499-84E0-313A79810408}.Debug|Any CPU.ActiveCfg = Debug|Any CPU
		{B4E3937B-8211-4499-84E0-313A79810408}.Debug|Any CPU.Build.0 = Debug|Any CPU
		{B4E3937B-8211-4499-84E0-313A79810408}.Release|Any CPU.ActiveCfg = Release|Any CPU
		{B4E3937B-8211-4499-84E0-313A79810408}.Release|Any CPU.Build.0 = Release|Any CPU
		{F19D1755-7725-4E78-A37C-FA92D19A06F4}.Debug|Any CPU.ActiveCfg = Debug|Any CPU
		{F19D1755-7725-4E78-A37C-FA92D19A06F4}.Debug|Any CPU.Build.0 = Debug|Any CPU
		{F19D1755-7725-4E78-A37C-FA92D19A06F4}.Release|Any CPU.ActiveCfg = Release|Any CPU
		{F19D1755-7725-4E78-A37C-FA92D19A06F4}.Release|Any CPU.Build.0 = Release|Any CPU
		{D87E68BC-698B-49D5-80D1-3F4752CABDFF}.Debug|Any CPU.ActiveCfg = Debug|Any CPU
		{D87E68BC-698B-49D5-80D1-3F4752CABDFF}.Debug|Any CPU.Build.0 = Debug|Any CPU
		{D87E68BC-698B-49D5-80D1-3F4752CABDFF}.Release|Any CPU.ActiveCfg = Release|Any CPU
		{D87E68BC-698B-49D5-80D1-3F4752CABDFF}.Release|Any CPU.Build.0 = Release|Any CPU
		{B7ED0E67-3A52-4950-B2AC-E0875AC61582}.Debug|Any CPU.ActiveCfg = Debug|Any CPU
		{B7ED0E67-3A52-4950-B2AC-E0875AC61582}.Debug|Any CPU.Build.0 = Debug|Any CPU
		{B7ED0E67-3A52-4950-B2AC-E0875AC61582}.Release|Any CPU.ActiveCfg = Release|Any CPU
		{B7ED0E67-3A52-4950-B2AC-E0875AC61582}.Release|Any CPU.Build.0 = Release|Any CPU
		{49877824-7BE0-4A74-96C6-C0056EF1B3A7}.Debug|Any CPU.ActiveCfg = Debug|Any CPU
		{49877824-7BE0-4A74-96C6-C0056EF1B3A7}.Debug|Any CPU.Build.0 = Debug|Any CPU
		{49877824-7BE0-4A74-96C6-C0056EF1B3A7}.Release|Any CPU.ActiveCfg = Release|Any CPU
		{49877824-7BE0-4A74-96C6-C0056EF1B3A7}.Release|Any CPU.Build.0 = Release|Any CPU
	EndGlobalSection
	GlobalSection(SolutionProperties) = preSolution
		HideSolutionNode = FALSE
	EndGlobalSection
	GlobalSection(ExtensibilityGlobals) = postSolution
		SolutionGuid = {8D0FDB51-8B6B-4BE4-A876-84400D6416F3}
	EndGlobalSection
EndGlobal
